<?xml version="1.0" encoding="utf-8"?>
<Project ToolsVersion="4.0" xmlns="http://schemas.microsoft.com/developer/msbuild/2003">
  <ItemGroup>
    <Filter Include="Исходные файлы">
      <UniqueIdentifier>{4FC737F1-C7A5-4376-A066-2A32D752A2FF}</UniqueIdentifier>
      <Extensions>cpp;c;cc;cxx;def;odl;idl;hpj;bat;asm;asmx</Extensions>
    </Filter>
    <Filter Include="Файлы заголовков">
      <UniqueIdentifier>{93995380-89BD-4b04-88EB-625FBE52EBFB}</UniqueIdentifier>
      <Extensions>h;hh;hpp;hxx;hm;inl;inc;xsd</Extensions>
    </Filter>
    <Filter Include="Файлы ресурсов">
      <UniqueIdentifier>{67DA6AB6-F800-4c08-8B7A-83BB121AAD01}</UniqueIdentifier>
      <Extensions>rc;ico;cur;bmp;dlg;rc2;rct;bin;rgs;gif;jpg;jpeg;jpe;resx;tiff;tif;png;wav;mfcribbon-ms</Extensions>
    </Filter>
    <Filter Include="Файлы заголовков\SchemeObject">
      <UniqueIdentifier>{5e7aa913-45df-413a-bf85-7f232097484c}</UniqueIdentifier>
    </Filter>
    <Filter Include="Исходные файлы\SchemeObject">
      <UniqueIdentifier>{537ed33c-92b0-44eb-8546-02aa60532d00}</UniqueIdentifier>
    </Filter>
  </ItemGroup>
  <ItemGroup>
    <ClInclude Include="stdafx.h">
      <Filter>Файлы заголовков</Filter>
    </ClInclude>
    <ClInclude Include="targetver.h">
      <Filter>Файлы заголовков</Filter>
    </ClInclude>
    <ClInclude Include="SchemeManager.h">
      <Filter>Файлы заголовков</Filter>
    </ClInclude>
    <ClInclude Include="ParseInfo.h">
      <Filter>Файлы заголовков</Filter>
    </ClInclude>
    <ClInclude Include="MessagePool.h">
      <Filter>Файлы заголовков</Filter>
    </ClInclude>
    <ClInclude Include="Message.h">
      <Filter>Файлы заголовков</Filter>
    </ClInclude>
    <ClInclude Include="ApparatManager.h">
      <Filter>Файлы заголовков</Filter>
    </ClInclude>
    <ClInclude Include="Manager.h">
      <Filter>Файлы заголовков</Filter>
    </ClInclude>
    <ClInclude Include="ComplexName.h">
      <Filter>Файлы заголовков</Filter>
    </ClInclude>
    <ClInclude Include="Description.h">
      <Filter>Файлы заголовков</Filter>
    </ClInclude>
    <ClInclude Include="DeviceManager.h">
      <Filter>Файлы заголовков</Filter>
    </ClInclude>
    <ClInclude Include="SchemeBlock.h">
      <Filter>Файлы заголовков\SchemeObject</Filter>
    </ClInclude>
    <ClInclude Include="SchemeCapacitor.h">
      <Filter>Файлы заголовков\SchemeObject</Filter>
    </ClInclude>
    <ClInclude Include="SchemeCondition.h">
      <Filter>Файлы заголовков\SchemeObject</Filter>
    </ClInclude>
    <ClInclude Include="SchemeConditionObject.h">
      <Filter>Файлы заголовков\SchemeObject</Filter>
    </ClInclude>
    <ClInclude Include="SchemeCross.h">
      <Filter>Файлы заголовков\SchemeObject</Filter>
    </ClInclude>
    <ClInclude Include="SchemeDescription.h">
      <Filter>Файлы заголовков\SchemeObject</Filter>
    </ClInclude>
    <ClInclude Include="SchemeDiode.h">
      <Filter>Файлы заголовков\SchemeObject</Filter>
    </ClInclude>
    <ClInclude Include="SchemeEquipment.h">
      <Filter>Файлы заголовков\SchemeObject</Filter>
    </ClInclude>
    <ClInclude Include="SchemeEvent.h">
      <Filter>Файлы заголовков\SchemeObject</Filter>
    </ClInclude>
    <ClInclude Include="SchemeExtendedBlock.h">
      <Filter>Файлы заголовков\SchemeObject</Filter>
    </ClInclude>
    <ClInclude Include="SchemeExternalConnection.h">
      <Filter>Файлы заголовков\SchemeObject</Filter>
    </ClInclude>
    <ClInclude Include="SchemeExternalLink.h">
      <Filter>Файлы заголовков\SchemeObject</Filter>
    </ClInclude>
    <ClInclude Include="SchemeFuse.h">
      <Filter>Файлы заголовков\SchemeObject</Filter>
    </ClInclude>
    <ClInclude Include="SchemeGrantingRequirement.h">
      <Filter>Файлы заголовков\SchemeObject</Filter>
    </ClInclude>
    <ClInclude Include="SchemeIncorrectRelay.h">
      <Filter>Файлы заголовков\SchemeObject</Filter>
    </ClInclude>
    <ClInclude Include="SchemeInput.h">
      <Filter>Файлы заголовков\SchemeObject</Filter>
    </ClInclude>
    <ClInclude Include="SchemeInputDescriptor.h">
      <Filter>Файлы заголовков\SchemeObject</Filter>
    </ClInclude>
    <ClInclude Include="SchemeInternalConnection.h">
      <Filter>Файлы заголовков\SchemeObject</Filter>
    </ClInclude>
    <ClInclude Include="SchemeLine.h">
      <Filter>Файлы заголовков\SchemeObject</Filter>
    </ClInclude>
    <ClInclude Include="SchemeMeasuringPanel.h">
      <Filter>Файлы заголовков\SchemeObject</Filter>
    </ClInclude>
    <ClInclude Include="SchemeObject.h">
      <Filter>Файлы заголовков\SchemeObject</Filter>
    </ClInclude>
    <ClInclude Include="SchemeOutput.h">
      <Filter>Файлы заголовков\SchemeObject</Filter>
    </ClInclude>
    <ClInclude Include="SchemeOutputDescriptor.h">
      <Filter>Файлы заголовков\SchemeObject</Filter>
    </ClInclude>
    <ClInclude Include="SchemeRelay.h">
      <Filter>Файлы заголовков\SchemeObject</Filter>
    </ClInclude>
    <ClInclude Include="SchemeRequestedRequirement.h">
      <Filter>Файлы заголовков\SchemeObject</Filter>
    </ClInclude>
    <ClInclude Include="SchemeResistor.h">
      <Filter>Файлы заголовков\SchemeObject</Filter>
    </ClInclude>
    <ClInclude Include="SchemeRheostat.h">
      <Filter>Файлы заголовков\SchemeObject</Filter>
    </ClInclude>
    <ClInclude Include="SchemeStatus.h">
      <Filter>Файлы заголовков\SchemeObject</Filter>
    </ClInclude>
    <ClInclude Include="SchemeTimeBlock.h">
      <Filter>Файлы заголовков\SchemeObject</Filter>
    </ClInclude>
    <ClInclude Include="SchemeTuning.h">
      <Filter>Файлы заголовков\SchemeObject</Filter>
    </ClInclude>
    <ClInclude Include="SchemeVariable.h">
      <Filter>Файлы заголовков\SchemeObject</Filter>
    </ClInclude>
    <ClInclude Include="SchemeTransformerSkt.h">
      <Filter>Файлы заголовков\SchemeObject</Filter>
    </ClInclude>
    <ClInclude Include="SchemeTransformerSt4.h">
      <Filter>Файлы заголовков\SchemeObject</Filter>
    </ClInclude>
    <ClInclude Include="SchemeTransformerSt5.h">
      <Filter>Файлы заголовков\SchemeObject</Filter>
    </ClInclude>
    <ClInclude Include="RelayAnvsh2_2400.h">
      <Filter>Файлы заголовков\SchemeObject</Filter>
    </ClInclude>
    <ClInclude Include="RelayDssh13a.h">
      <Filter>Файлы заголовков\SchemeObject</Filter>
    </ClInclude>
    <ClInclude Include="RelayKdr1_200.h">
      <Filter>Файлы заголовков\SchemeObject</Filter>
    </ClInclude>
    <ClInclude Include="RelayKdr1_280.h">
      <Filter>Файлы заголовков\SchemeObject</Filter>
    </ClInclude>
    <ClInclude Include="RelayKdr1m_3_8.h">
      <Filter>Файлы заголовков\SchemeObject</Filter>
    </ClInclude>
    <ClInclude Include="RelayKdr1m_120.h">
      <Filter>Файлы заголовков\SchemeObject</Filter>
    </ClInclude>
    <ClInclude Include="RelayKdr1m_280.h">
      <Filter>Файлы заголовков\SchemeObject</Filter>
    </ClInclude>
    <ClInclude Include="RelayKdr1m_435.h">
      <Filter>Файлы заголовков\SchemeObject</Filter>
    </ClInclude>
    <ClInclude Include="RelayKmsh_450.h">
      <Filter>Файлы заголовков\SchemeObject</Filter>
    </ClInclude>
    <ClInclude Include="RelayKmsh_750.h">
      <Filter>Файлы заголовков\SchemeObject</Filter>
    </ClInclude>
    <ClInclude Include="RelayKmsh_3000.h">
      <Filter>Файлы заголовков\SchemeObject</Filter>
    </ClInclude>
    <ClInclude Include="RelayNmpsh_900.h">
      <Filter>Файлы заголовков\SchemeObject</Filter>
    </ClInclude>
    <ClInclude Include="RelayNmpsh2_400.h">
      <Filter>Файлы заголовков\SchemeObject</Filter>
    </ClInclude>
    <ClInclude Include="RelayNmpsh3m_02_250.h">
      <Filter>Файлы заголовков\SchemeObject</Filter>
    </ClInclude>
    <ClInclude Include="RelayNmsh1_400.h">
      <Filter>Файлы заголовков\SchemeObject</Filter>
    </ClInclude>
    <ClInclude Include="RelayNmsh1_1440.h">
      <Filter>Файлы заголовков\SchemeObject</Filter>
    </ClInclude>
    <ClInclude Include="RelayNmsh2_4000.h">
      <Filter>Файлы заголовков\SchemeObject</Filter>
    </ClInclude>
    <ClInclude Include="RelayNmsh3_460_400.h">
      <Filter>Файлы заголовков\SchemeObject</Filter>
    </ClInclude>
    <ClInclude Include="RelayNmsh4_3.h">
      <Filter>Файлы заголовков\SchemeObject</Filter>
    </ClInclude>
    <ClInclude Include="RelayNmsh4_2400.h">
      <Filter>Файлы заголовков\SchemeObject</Filter>
    </ClInclude>
    <ClInclude Include="RelayNmshm1_11.h">
      <Filter>Файлы заголовков\SchemeObject</Filter>
    </ClInclude>
    <ClInclude Include="RelayNmshm1_560.h">
      <Filter>Файлы заголовков\SchemeObject</Filter>
    </ClInclude>
    <ClInclude Include="RelayNmshm1_1000_560.h">
      <Filter>Файлы заголовков\SchemeObject</Filter>
    </ClInclude>
    <ClInclude Include="RelayNmshm1_1120.h">
      <Filter>Файлы заголовков\SchemeObject</Filter>
    </ClInclude>
    <ClInclude Include="RelayNmshm2_1_5.h">
      <Filter>Файлы заголовков\SchemeObject</Filter>
    </ClInclude>
    <ClInclude Include="RelayNmshm2_1500.h">
      <Filter>Файлы заголовков\SchemeObject</Filter>
    </ClInclude>
    <ClInclude Include="RelayNmshm2_3000.h">
      <Filter>Файлы заголовков\SchemeObject</Filter>
    </ClInclude>
    <ClInclude Include="RelayOmsh2_46.h">
      <Filter>Файлы заголовков\SchemeObject</Filter>
    </ClInclude>
    <ClInclude Include="RelayPpr3_5000.h">
      <Filter>Файлы заголовков\SchemeObject</Filter>
    </ClInclude>
    <ClInclude Include="RelayPmpush_150_150.h">
      <Filter>Файлы заголовков\SchemeObject</Filter>
    </ClInclude>
  </ItemGroup>
  <ItemGroup>
    <ClCompile Include="stdafx.cpp">
      <Filter>Исходные файлы</Filter>
    </ClCompile>
    <ClCompile Include="SchemeTransformerSt4.cpp">
      <Filter>Исходные файлы\SchemeObject</Filter>
    </ClCompile>
    <ClCompile Include="SchemeTransformerSkt.cpp">
      <Filter>Исходные файлы\SchemeObject</Filter>
    </ClCompile>
    <ClCompile Include="SchemeTuning.cpp">
      <Filter>Исходные файлы\SchemeObject</Filter>
    </ClCompile>
    <ClCompile Include="SchemeTransformerSt5.cpp">
      <Filter>Исходные файлы\SchemeObject</Filter>
    </ClCompile>
    <ClCompile Include="SchemeVariable.cpp">
      <Filter>Исходные файлы\SchemeObject</Filter>
    </ClCompile>
    <ClCompile Include="RelayAnvsh2_2400.cpp">
      <Filter>Исходные файлы\SchemeObject</Filter>
    </ClCompile>
    <ClCompile Include="ApparatManager.cpp">
      <Filter>Исходные файлы</Filter>
    </ClCompile>
    <ClCompile Include="ComplexName.cpp">
      <Filter>Исходные файлы</Filter>
    </ClCompile>
    <ClCompile Include="Description.cpp">
      <Filter>Исходные файлы</Filter>
    </ClCompile>
    <ClCompile Include="DeviceManager.cpp">
      <Filter>Исходные файлы</Filter>
    </ClCompile>
    <ClCompile Include="Manager.cpp">
      <Filter>Исходные файлы</Filter>
    </ClCompile>
    <ClCompile Include="Message.cpp">
      <Filter>Исходные файлы</Filter>
    </ClCompile>
    <ClCompile Include="MessagePool.cpp">
      <Filter>Исходные файлы</Filter>
    </ClCompile>
    <ClCompile Include="SchemeManager.cpp">
      <Filter>Исходные файлы</Filter>
    </ClCompile>
    <ClCompile Include="SchemeBlock.cpp">
      <Filter>Исходные файлы\SchemeObject</Filter>
    </ClCompile>
    <ClCompile Include="SchemeCapacitor.cpp">
      <Filter>Исходные файлы\SchemeObject</Filter>
    </ClCompile>
    <ClCompile Include="SchemeCondition.cpp">
      <Filter>Исходные файлы\SchemeObject</Filter>
    </ClCompile>
    <ClCompile Include="SchemeConditionObject.cpp">
      <Filter>Исходные файлы\SchemeObject</Filter>
    </ClCompile>
    <ClCompile Include="SchemeCross.cpp">
      <Filter>Исходные файлы\SchemeObject</Filter>
    </ClCompile>
    <ClCompile Include="SchemeDescrption.cpp">
      <Filter>Исходные файлы\SchemeObject</Filter>
    </ClCompile>
    <ClCompile Include="SchemeDiode.cpp">
      <Filter>Исходные файлы\SchemeObject</Filter>
    </ClCompile>
    <ClCompile Include="SchemeEquipment.cpp">
      <Filter>Исходные файлы\SchemeObject</Filter>
    </ClCompile>
    <ClCompile Include="SchemeEvent.cpp">
      <Filter>Исходные файлы\SchemeObject</Filter>
    </ClCompile>
    <ClCompile Include="SchemeExtendedBlock.cpp">
      <Filter>Исходные файлы\SchemeObject</Filter>
    </ClCompile>
    <ClCompile Include="SchemeExternalConnection.cpp">
      <Filter>Исходные файлы\SchemeObject</Filter>
    </ClCompile>
    <ClCompile Include="SchemeExternalLink.cpp">
      <Filter>Исходные файлы\SchemeObject</Filter>
    </ClCompile>
    <ClCompile Include="SchemeFuse.cpp">
      <Filter>Исходные файлы\SchemeObject</Filter>
    </ClCompile>
    <ClCompile Include="SchemeGrantingRequirement.cpp">
      <Filter>Исходные файлы\SchemeObject</Filter>
    </ClCompile>
    <ClCompile Include="SchemeIncorrectRelay.cpp">
      <Filter>Исходные файлы\SchemeObject</Filter>
    </ClCompile>
    <ClCompile Include="SchemeInput.cpp">
      <Filter>Исходные файлы\SchemeObject</Filter>
    </ClCompile>
    <ClCompile Include="SchemeInternalConnection.cpp">
      <Filter>Исходные файлы\SchemeObject</Filter>
    </ClCompile>
    <ClCompile Include="SchemeLine.cpp">
      <Filter>Исходные файлы\SchemeObject</Filter>
    </ClCompile>
    <ClCompile Include="SchemeMeasuringPanel.cpp">
      <Filter>Исходные файлы\SchemeObject</Filter>
    </ClCompile>
    <ClCompile Include="SchemeObject.cpp">
      <Filter>Исходные файлы\SchemeObject</Filter>
    </ClCompile>
    <ClCompile Include="SchemeOutput.cpp">
      <Filter>Исходные файлы\SchemeObject</Filter>
    </ClCompile>
    <ClCompile Include="SchemeRelay.cpp">
      <Filter>Исходные файлы\SchemeObject</Filter>
    </ClCompile>
    <ClCompile Include="SchemeRequestedRequirement.cpp">
      <Filter>Исходные файлы\SchemeObject</Filter>
    </ClCompile>
    <ClCompile Include="SchemeResistor.cpp">
      <Filter>Исходные файлы\SchemeObject</Filter>
    </ClCompile>
    <ClCompile Include="SchemeRheostat.cpp">
      <Filter>Исходные файлы\SchemeObject</Filter>
    </ClCompile>
    <ClCompile Include="SchemeStatus.cpp">
      <Filter>Исходные файлы\SchemeObject</Filter>
    </ClCompile>
    <ClCompile Include="SchemeTimeBlock.cpp">
      <Filter>Исходные файлы\SchemeObject</Filter>
    </ClCompile>
    <ClCompile Include="RelayDssh13a.cpp">
      <Filter>Исходные файлы\SchemeObject</Filter>
    </ClCompile>
    <ClCompile Include="RelayKdr1_200.cpp">
      <Filter>Исходные файлы\SchemeObject</Filter>
    </ClCompile>
    <ClCompile Include="RelayKdr1_280.cpp">
      <Filter>Исходные файлы\SchemeObject</Filter>
    </ClCompile>
    <ClCompile Include="RelayKdr1m_3_8.cpp">
      <Filter>Исходные файлы\SchemeObject</Filter>
    </ClCompile>
    <ClCompile Include="RelayKdr1m_120.cpp">
      <Filter>Исходные файлы\SchemeObject</Filter>
    </ClCompile>
    <ClCompile Include="RelayKdr1m_280.cpp">
      <Filter>Исходные файлы\SchemeObject</Filter>
    </ClCompile>
    <ClCompile Include="RelayKdr1m_435.cpp">
      <Filter>Исходные файлы\SchemeObject</Filter>
    </ClCompile>
    <ClCompile Include="RelayKmsh_450.cpp">
      <Filter>Исходные файлы\SchemeObject</Filter>
    </ClCompile>
    <ClCompile Include="RelayKmsh_750.cpp">
      <Filter>Исходные файлы\SchemeObject</Filter>
    </ClCompile>
    <ClCompile Include="RelayKmsh_3000.cpp">
      <Filter>Исходные файлы\SchemeObject</Filter>
    </ClCompile>
    <ClCompile Include="RelayNmpsh_900.cpp">
      <Filter>Исходные файлы\SchemeObject</Filter>
    </ClCompile>
    <ClCompile Include="RelayNmpsh2_400.cpp">
      <Filter>Исходные файлы\SchemeObject</Filter>
    </ClCompile>
    <ClCompile Include="RelayNmpsh3m_02_250.cpp">
      <Filter>Исходные файлы\SchemeObject</Filter>
    </ClCompile>
    <ClCompile Include="RelayNmsh1_400.cpp">
      <Filter>Исходные файлы\SchemeObject</Filter>
    </ClCompile>
    <ClCompile Include="RelayNmsh1_1440.cpp">
      <Filter>Исходные файлы\SchemeObject</Filter>
    </ClCompile>
    <ClCompile Include="RelayNmsh2_4000.cpp">
      <Filter>Исходные файлы\SchemeObject</Filter>
    </ClCompile>
    <ClCompile Include="RelayNmsh3_460_400.cpp">
      <Filter>Исходные файлы\SchemeObject</Filter>
    </ClCompile>
    <ClCompile Include="RelayNmsh4_3.cpp">
      <Filter>Исходные файлы\SchemeObject</Filter>
    </ClCompile>
    <ClCompile Include="RelayNmsh4_2400.cpp">
      <Filter>Исходные файлы\SchemeObject</Filter>
    </ClCompile>
    <ClCompile Include="RelayNmshm1_11.cpp">
      <Filter>Исходные файлы\SchemeObject</Filter>
    </ClCompile>
    <ClCompile Include="RelayNmshm1_560.cpp">
      <Filter>Исходные файлы\SchemeObject</Filter>
    </ClCompile>
    <ClCompile Include="RelayNmshm1_1000_560.cpp">
      <Filter>Исходные файлы\SchemeObject</Filter>
    </ClCompile>
    <ClCompile Include="RelayNmshm1_1120.cpp">
      <Filter>Исходные файлы\SchemeObject</Filter>
    </ClCompile>
    <ClCompile Include="RelayNmshm2_1_5.cpp">
      <Filter>Исходные файлы\SchemeObject</Filter>
    </ClCompile>
    <ClCompile Include="RelayNmshm2_1500.cpp">
      <Filter>Исходные файлы\SchemeObject</Filter>
    </ClCompile>
    <ClCompile Include="RelayNmshm2_3000.cpp">
      <Filter>Исходные файлы\SchemeObject</Filter>
    </ClCompile>
    <ClCompile Include="RelayOmsh2_46.cpp">
      <Filter>Исходные файлы\SchemeObject</Filter>
    </ClCompile>
    <ClCompile Include="RelayPmpush_150_150.cpp">
      <Filter>Исходные файлы\SchemeObject</Filter>
    </ClCompile>
    <ClCompile Include="RelayPpr3_5000.cpp">
      <Filter>Исходные файлы\SchemeObject</Filter>
    </ClCompile>
    <ClCompile Include="SchemeManager_parser.cpp">
      <Filter>Исходные файлы</Filter>
    </ClCompile>
    <ClCompile Include="scbCompiler.cpp">
      <Filter>Исходные файлы</Filter>
    </ClCompile>
  </ItemGroup>
</Project>