<?xml version="1.0" encoding="utf-8"?>
<Project ToolsVersion="4.0" xmlns="http://schemas.microsoft.com/developer/msbuild/2003">
  <ItemGroup>
    <Filter Include="Исходные файлы">
      <UniqueIdentifier>{4FC737F1-C7A5-4376-A066-2A32D752A2FF}</UniqueIdentifier>
      <Extensions>cpp;c;cc;cxx;def;odl;idl;hpj;bat;asm;asmx</Extensions>
    </Filter>
    <Filter Include="Файлы заголовков">
      <UniqueIdentifier>{93995380-89BD-4b04-88EB-625FBE52EBFB}</UniqueIdentifier>
      <Extensions>h;hh;hpp;hxx;hm;inl;inc;xsd</Extensions>
    </Filter>
    <Filter Include="Файлы ресурсов">
      <UniqueIdentifier>{67DA6AB6-F800-4c08-8B7A-83BB121AAD01}</UniqueIdentifier>
      <Extensions>rc;ico;cur;bmp;dlg;rc2;rct;bin;rgs;gif;jpg;jpeg;jpe;resx;tiff;tif;png;wav;mfcribbon-ms</Extensions>
    </Filter>
    <Filter Include="Файлы заголовков\scb">
      <UniqueIdentifier>{3d8b225c-a3ab-4f6e-9bc2-2e45ad484c72}</UniqueIdentifier>
    </Filter>
    <Filter Include="Исходные файлы\scb">
      <UniqueIdentifier>{525f7223-f098-49d9-8b12-7c23a336f6af}</UniqueIdentifier>
    </Filter>
    <Filter Include="Файлы заголовков\visual">
      <UniqueIdentifier>{03f66c12-f5b3-44a8-812b-e0d4528e322f}</UniqueIdentifier>
    </Filter>
    <Filter Include="Исходные файлы\visual">
      <UniqueIdentifier>{65be8cc7-46a7-4440-9328-e5ec5a0b7b14}</UniqueIdentifier>
    </Filter>
    <Filter Include="Файлы заголовков\graphics">
      <UniqueIdentifier>{e38e201b-eb73-49ec-9666-d004e2bbebc6}</UniqueIdentifier>
    </Filter>
    <Filter Include="Исходные файлы\graphics">
      <UniqueIdentifier>{93553fe8-3954-4066-b4c6-985e113a32b8}</UniqueIdentifier>
    </Filter>
    <Filter Include="Исходные файлы\track">
      <UniqueIdentifier>{15a53387-9374-4b8c-bf06-c6dc6ada149b}</UniqueIdentifier>
    </Filter>
    <Filter Include="Файлы заголовков\track">
      <UniqueIdentifier>{b19459d4-c3b2-4c06-be19-47c6e10848a6}</UniqueIdentifier>
    </Filter>
    <Filter Include="Файлы заголовков\util">
      <UniqueIdentifier>{822c7181-116d-4b79-8be7-5cc765fde97c}</UniqueIdentifier>
    </Filter>
    <Filter Include="Файлы заголовков\application">
      <UniqueIdentifier>{c974ffc3-ae8e-4fe2-8f80-9239a8ccc8e6}</UniqueIdentifier>
    </Filter>
    <Filter Include="Исходные файлы\application">
      <UniqueIdentifier>{8f422c94-cac5-4414-b7b7-be69ee814444}</UniqueIdentifier>
    </Filter>
    <Filter Include="Файлы заголовков\time">
      <UniqueIdentifier>{d85816a5-344d-4877-8b1b-5a6b6baa68b8}</UniqueIdentifier>
    </Filter>
    <Filter Include="Исходные файлы\time">
      <UniqueIdentifier>{05ef51b5-ff5f-46b2-81a7-f2f01ff568f4}</UniqueIdentifier>
    </Filter>
    <Filter Include="Файлы заголовков\input">
      <UniqueIdentifier>{763655eb-9802-495e-a2e3-a9cc1ea615b6}</UniqueIdentifier>
    </Filter>
    <Filter Include="Исходные файлы\input">
      <UniqueIdentifier>{0621ee55-82e9-48fa-99f1-58fe81c2ade9}</UniqueIdentifier>
    </Filter>
  </ItemGroup>
  <ItemGroup>
    <ClInclude Include="stdafx.h">
      <Filter>Файлы заголовков</Filter>
    </ClInclude>
    <ClInclude Include="targetver.h">
      <Filter>Файлы заголовков</Filter>
    </ClInclude>
    <ClInclude Include="resource.h">
      <Filter>Файлы заголовков</Filter>
    </ClInclude>
    <ClInclude Include="scbSimulator.h">
      <Filter>Файлы заголовков</Filter>
    </ClInclude>
    <ClInclude Include="scb\AbstractScheme.h">
      <Filter>Файлы заголовков\scb</Filter>
    </ClInclude>
    <ClInclude Include="scb\AbstractSchemeDevice.h">
      <Filter>Файлы заголовков\scb</Filter>
    </ClInclude>
    <ClInclude Include="scb\SchemeOutput.h">
      <Filter>Файлы заголовков\scb</Filter>
    </ClInclude>
    <ClInclude Include="visual\VisualAbstract.h">
      <Filter>Файлы заголовков\visual</Filter>
    </ClInclude>
    <ClInclude Include="graphics\GraphicsServer.h">
      <Filter>Файлы заголовков\graphics</Filter>
    </ClInclude>
    <ClInclude Include="graphics\Camera.h">
      <Filter>Файлы заголовков\graphics</Filter>
    </ClInclude>
    <ClInclude Include="graphics\IndexBuffer.h">
      <Filter>Файлы заголовков\graphics</Filter>
    </ClInclude>
    <ClInclude Include="graphics\VertexDeclaration.h">
      <Filter>Файлы заголовков\graphics</Filter>
    </ClInclude>
    <ClInclude Include="graphics\VertexBuffer.h">
      <Filter>Файлы заголовков\graphics</Filter>
    </ClInclude>
    <ClInclude Include="graphics\Shader.h">
      <Filter>Файлы заголовков\graphics</Filter>
    </ClInclude>
    <ClInclude Include="graphics\VertexShader.h">
      <Filter>Файлы заголовков\graphics</Filter>
    </ClInclude>
    <ClInclude Include="graphics\PixelShader.h">
      <Filter>Файлы заголовков\graphics</Filter>
    </ClInclude>
    <ClInclude Include="visual\LightSignal.h">
      <Filter>Файлы заголовков\visual</Filter>
    </ClInclude>
    <ClInclude Include="visual\MotorDrive.h">
      <Filter>Файлы заголовков\visual</Filter>
    </ClInclude>
    <ClInclude Include="visual\PultTablo.h">
      <Filter>Файлы заголовков\visual</Filter>
    </ClInclude>
    <ClInclude Include="visual\PultTabloButton.h">
      <Filter>Файлы заголовков\visual</Filter>
    </ClInclude>
    <ClInclude Include="visual\PultTabloCommutator.h">
      <Filter>Файлы заголовков\visual</Filter>
    </ClInclude>
    <ClInclude Include="scb\LightSignalLamp.h">
      <Filter>Файлы заголовков\scb</Filter>
    </ClInclude>
    <ClInclude Include="util\Color.h">
      <Filter>Файлы заголовков\util</Filter>
    </ClInclude>
    <ClInclude Include="scb\PultTabloLampGroup.h">
      <Filter>Файлы заголовков\scb</Filter>
    </ClInclude>
    <ClInclude Include="scb\PultTabloAbstractButton.h">
      <Filter>Файлы заголовков\scb</Filter>
    </ClInclude>
    <ClInclude Include="scb\PultTabloActiveDevice.h">
      <Filter>Файлы заголовков\scb</Filter>
    </ClInclude>
    <ClInclude Include="scb\PultTabloAbstractCommutator.h">
      <Filter>Файлы заголовков\scb</Filter>
    </ClInclude>
    <ClInclude Include="scb\MotorDriveDevice.h">
      <Filter>Файлы заголовков\scb</Filter>
    </ClInclude>
    <ClInclude Include="track\Switch.h">
      <Filter>Файлы заголовков\track</Filter>
    </ClInclude>
    <ClInclude Include="scb\LightSignalScheme.h">
      <Filter>Файлы заголовков\scb</Filter>
    </ClInclude>
    <ClInclude Include="scb\MotorDriveScheme.h">
      <Filter>Файлы заголовков\scb</Filter>
    </ClInclude>
    <ClInclude Include="scb\PultTabloScheme.h">
      <Filter>Файлы заголовков\scb</Filter>
    </ClInclude>
    <ClInclude Include="scb\BusScheme.h">
      <Filter>Файлы заголовков\scb</Filter>
    </ClInclude>
    <ClInclude Include="scb\ChainScheme.h">
      <Filter>Файлы заголовков\scb</Filter>
    </ClInclude>
    <ClInclude Include="scb\Scheme.h">
      <Filter>Файлы заголовков\scb</Filter>
    </ClInclude>
    <ClInclude Include="scb\SchemeGpr.h">
      <Filter>Файлы заголовков\scb</Filter>
    </ClInclude>
    <ClInclude Include="scb\SchemeAvx64.h">
      <Filter>Файлы заголовков\scb</Filter>
    </ClInclude>
    <ClInclude Include="scb\SchemeAvx128.h">
      <Filter>Файлы заголовков\scb</Filter>
    </ClInclude>
    <ClInclude Include="scb\SchemeAvx256.h">
      <Filter>Файлы заголовков\scb</Filter>
    </ClInclude>
    <ClInclude Include="scb\SchemeSse16.h">
      <Filter>Файлы заголовков\scb</Filter>
    </ClInclude>
    <ClInclude Include="scb\SchemeSse32.h">
      <Filter>Файлы заголовков\scb</Filter>
    </ClInclude>
    <ClInclude Include="scb\SchemeSse64.h">
      <Filter>Файлы заголовков\scb</Filter>
    </ClInclude>
    <ClInclude Include="scb\SchemeSse128.h">
      <Filter>Файлы заголовков\scb</Filter>
    </ClInclude>
    <ClInclude Include="scb\SchemeSse256.h">
      <Filter>Файлы заголовков\scb</Filter>
    </ClInclude>
    <ClInclude Include="scb\Relay.h">
      <Filter>Файлы заголовков\scb</Filter>
    </ClInclude>
    <ClInclude Include="scb\PolarRelay.h">
      <Filter>Файлы заголовков\scb</Filter>
    </ClInclude>
    <ClInclude Include="scb\NeutralRelay.h">
      <Filter>Файлы заголовков\scb</Filter>
    </ClInclude>
    <ClInclude Include="scb\PultTabloButtonKmd.h">
      <Filter>Файлы заголовков\scb</Filter>
    </ClInclude>
    <ClInclude Include="scb\PultTabloButtonKmdf.h">
      <Filter>Файлы заголовков\scb</Filter>
    </ClInclude>
    <ClInclude Include="scb\PultTabloButtonSchm1m.h">
      <Filter>Файлы заголовков\scb</Filter>
    </ClInclude>
    <ClInclude Include="scb\PultTabloCommutatorKmd.h">
      <Filter>Файлы заголовков\scb</Filter>
    </ClInclude>
    <ClInclude Include="scb\PultTabloCommutatorKmt.h">
      <Filter>Файлы заголовков\scb</Filter>
    </ClInclude>
    <ClInclude Include="scb\PultTabloAmpermeter.h">
      <Filter>Файлы заголовков\scb</Filter>
    </ClInclude>
    <ClInclude Include="scb\PultTabloBell.h">
      <Filter>Файлы заголовков\scb</Filter>
    </ClInclude>
    <ClInclude Include="scb\ConnectionPoint.h">
      <Filter>Файлы заголовков\scb</Filter>
    </ClInclude>
    <ClInclude Include="scb\ConnectionPointScheme.h">
      <Filter>Файлы заголовков\scb</Filter>
    </ClInclude>
    <ClInclude Include="scb\SchemeServer.h">
      <Filter>Файлы заголовков\scb</Filter>
    </ClInclude>
    <ClInclude Include="util\Range.h">
      <Filter>Файлы заголовков\util</Filter>
    </ClInclude>
    <ClInclude Include="application\Application.h">
      <Filter>Файлы заголовков\application</Filter>
    </ClInclude>
    <ClInclude Include="time\TimerRecord.h">
      <Filter>Файлы заголовков\time</Filter>
    </ClInclude>
    <ClInclude Include="time\TimeSensable.h">
      <Filter>Файлы заголовков\time</Filter>
    </ClInclude>
    <ClInclude Include="time\TimeServer.h">
      <Filter>Файлы заголовков\time</Filter>
    </ClInclude>
    <ClInclude Include="scb\OutputStream.h">
      <Filter>Файлы заголовков\scb</Filter>
    </ClInclude>
    <ClInclude Include="input\InputServer.h">
      <Filter>Файлы заголовков\input</Filter>
    </ClInclude>
  </ItemGroup>
  <ItemGroup>
    <ClCompile Include="stdafx.cpp">
      <Filter>Исходные файлы</Filter>
    </ClCompile>
    <ClCompile Include="scbSimulator.cpp">
      <Filter>Исходные файлы</Filter>
    </ClCompile>
    <ClCompile Include="scb\AbstractScheme.cpp">
      <Filter>Исходные файлы\scb</Filter>
    </ClCompile>
    <ClCompile Include="scb\AbstractSchemeDevice.cpp">
      <Filter>Исходные файлы\scb</Filter>
    </ClCompile>
    <ClCompile Include="scb\SchemeOutput.cpp">
      <Filter>Исходные файлы\scb</Filter>
    </ClCompile>
    <ClCompile Include="visual\VisualAbstract.cpp">
      <Filter>Исходные файлы\visual</Filter>
    </ClCompile>
    <ClCompile Include="graphics\GraphicsServer.cpp">
      <Filter>Исходные файлы\graphics</Filter>
    </ClCompile>
    <ClCompile Include="graphics\Camera.cpp">
      <Filter>Исходные файлы\graphics</Filter>
    </ClCompile>
    <ClCompile Include="graphics\IndexBuffer.cpp">
      <Filter>Исходные файлы\graphics</Filter>
    </ClCompile>
    <ClCompile Include="graphics\VertexDeclaration.cpp">
      <Filter>Исходные файлы\graphics</Filter>
    </ClCompile>
    <ClCompile Include="graphics\VertexBuffer.cpp">
      <Filter>Исходные файлы\graphics</Filter>
    </ClCompile>
    <ClCompile Include="graphics\Shader.cpp">
      <Filter>Исходные файлы\graphics</Filter>
    </ClCompile>
    <ClCompile Include="graphics\VertexShader.cpp">
      <Filter>Исходные файлы\graphics</Filter>
    </ClCompile>
    <ClCompile Include="graphics\PixelShader.cpp">
      <Filter>Исходные файлы\graphics</Filter>
    </ClCompile>
    <ClCompile Include="visual\LightSignal.cpp">
      <Filter>Исходные файлы\visual</Filter>
    </ClCompile>
    <ClCompile Include="visual\PultTablo.cpp">
      <Filter>Исходные файлы\visual</Filter>
    </ClCompile>
    <ClCompile Include="visual\PultTabloButton.cpp">
      <Filter>Исходные файлы\visual</Filter>
    </ClCompile>
    <ClCompile Include="visual\PultTabloCommutator.cpp">
      <Filter>Исходные файлы\visual</Filter>
    </ClCompile>
    <ClCompile Include="visual\MotorDrive.cpp">
      <Filter>Исходные файлы\visual</Filter>
    </ClCompile>
    <ClCompile Include="track\Switch.cpp">
      <Filter>Исходные файлы\track</Filter>
    </ClCompile>
    <ClCompile Include="scb\LightSignalLamp.cpp">
      <Filter>Исходные файлы\scb</Filter>
    </ClCompile>
    <ClCompile Include="scb\LightSignalScheme.cpp">
      <Filter>Исходные файлы\scb</Filter>
    </ClCompile>
    <ClCompile Include="scb\MotorDriveScheme.cpp">
      <Filter>Исходные файлы\scb</Filter>
    </ClCompile>
    <ClCompile Include="scb\PultTabloScheme.cpp">
      <Filter>Исходные файлы\scb</Filter>
    </ClCompile>
    <ClCompile Include="scb\BusScheme.cpp">
      <Filter>Исходные файлы\scb</Filter>
    </ClCompile>
    <ClCompile Include="scb\ChainScheme.cpp">
      <Filter>Исходные файлы\scb</Filter>
    </ClCompile>
    <ClCompile Include="scb\Scheme.cpp">
      <Filter>Исходные файлы\scb</Filter>
    </ClCompile>
    <ClCompile Include="scb\SchemeAvx64.cpp">
      <Filter>Исходные файлы\scb</Filter>
    </ClCompile>
    <ClCompile Include="scb\SchemeAvx128.cpp">
      <Filter>Исходные файлы\scb</Filter>
    </ClCompile>
    <ClCompile Include="scb\SchemeAvx256.cpp">
      <Filter>Исходные файлы\scb</Filter>
    </ClCompile>
    <ClCompile Include="scb\SchemeGpr.cpp">
      <Filter>Исходные файлы\scb</Filter>
    </ClCompile>
    <ClCompile Include="scb\SchemeSse16.cpp">
      <Filter>Исходные файлы\scb</Filter>
    </ClCompile>
    <ClCompile Include="scb\SchemeSse32.cpp">
      <Filter>Исходные файлы\scb</Filter>
    </ClCompile>
    <ClCompile Include="scb\SchemeSse64.cpp">
      <Filter>Исходные файлы\scb</Filter>
    </ClCompile>
    <ClCompile Include="scb\SchemeSse128.cpp">
      <Filter>Исходные файлы\scb</Filter>
    </ClCompile>
    <ClCompile Include="scb\SchemeSse256.cpp">
      <Filter>Исходные файлы\scb</Filter>
    </ClCompile>
    <ClCompile Include="scb\Relay.cpp">
      <Filter>Исходные файлы\scb</Filter>
    </ClCompile>
    <ClCompile Include="scb\PolarRelay.cpp">
      <Filter>Исходные файлы\scb</Filter>
    </ClCompile>
    <ClCompile Include="scb\NeutralRelay.cpp">
      <Filter>Исходные файлы\scb</Filter>
    </ClCompile>
    <ClCompile Include="scb\PultTabloAbstractButton.cpp">
      <Filter>Исходные файлы\scb</Filter>
    </ClCompile>
    <ClCompile Include="scb\PultTabloAbstractCommutator.cpp">
      <Filter>Исходные файлы\scb</Filter>
    </ClCompile>
    <ClCompile Include="scb\PultTabloActiveDevice.cpp">
      <Filter>Исходные файлы\scb</Filter>
    </ClCompile>
    <ClCompile Include="scb\PultTabloButtonKmd.cpp">
      <Filter>Исходные файлы\scb</Filter>
    </ClCompile>
    <ClCompile Include="scb\PultTabloButtonKmdf.cpp">
      <Filter>Исходные файлы\scb</Filter>
    </ClCompile>
    <ClCompile Include="scb\PultTabloButtonSchm1m.cpp">
      <Filter>Исходные файлы\scb</Filter>
    </ClCompile>
    <ClCompile Include="scb\PultTabloCommutatorKmd.cpp">
      <Filter>Исходные файлы\scb</Filter>
    </ClCompile>
    <ClCompile Include="scb\PultTabloCommutatorKmt.cpp">
      <Filter>Исходные файлы\scb</Filter>
    </ClCompile>
    <ClCompile Include="scb\PultTabloLampGroup.cpp">
      <Filter>Исходные файлы\scb</Filter>
    </ClCompile>
    <ClCompile Include="scb\PultTabloBell.cpp">
      <Filter>Исходные файлы\scb</Filter>
    </ClCompile>
    <ClCompile Include="scb\PultTabloAmpermeter.cpp">
      <Filter>Исходные файлы\scb</Filter>
    </ClCompile>
    <ClCompile Include="scb\ConnectionPoint.cpp">
      <Filter>Исходные файлы\scb</Filter>
    </ClCompile>
    <ClCompile Include="scb\ConnectionPointScheme.cpp">
      <Filter>Исходные файлы\scb</Filter>
    </ClCompile>
    <ClCompile Include="scb\MotorDriveDevice.cpp">
      <Filter>Исходные файлы\scb</Filter>
    </ClCompile>
    <ClCompile Include="scb\SchemeServer.cpp">
      <Filter>Исходные файлы\scb</Filter>
    </ClCompile>
    <ClCompile Include="application\Application.cpp">
      <Filter>Исходные файлы\application</Filter>
    </ClCompile>
    <ClCompile Include="time\TimeSensable.cpp">
      <Filter>Исходные файлы\time</Filter>
    </ClCompile>
    <ClCompile Include="time\TimeServer.cpp">
      <Filter>Исходные файлы\time</Filter>
    </ClCompile>
    <ClCompile Include="input\InputServer.cpp">
      <Filter>Исходные файлы\input</Filter>
    </ClCompile>
  </ItemGroup>
  <ItemGroup>
    <ResourceCompile Include="scbSimulator.rc">
      <Filter>Файлы ресурсов</Filter>
    </ResourceCompile>
  </ItemGroup>
  <ItemGroup>
    <Image Include="small.ico">
      <Filter>Файлы ресурсов</Filter>
    </Image>
    <Image Include="scbSimulator.ico">
      <Filter>Файлы ресурсов</Filter>
    </Image>
  </ItemGroup>
  <ItemGroup>
    <FxCompile Include="Shaders.hlsl">
      <Filter>Файлы ресурсов</Filter>
    </FxCompile>
  </ItemGroup>
</Project>