<?xml version="1.0" encoding="utf-8"?>
<Project ToolsVersion="4.0" xmlns="http://schemas.microsoft.com/developer/msbuild/2003">
  <ItemGroup>
    <Filter Include="Исходные файлы">
      <UniqueIdentifier>{4FC737F1-C7A5-4376-A066-2A32D752A2FF}</UniqueIdentifier>
      <Extensions>cpp;c;cc;cxx;def;odl;idl;hpj;bat;asm;asmx</Extensions>
    </Filter>
    <Filter Include="Файлы заголовков">
      <UniqueIdentifier>{93995380-89BD-4b04-88EB-625FBE52EBFB}</UniqueIdentifier>
      <Extensions>h;hh;hpp;hxx;hm;inl;inc;xsd</Extensions>
    </Filter>
    <Filter Include="Файлы ресурсов">
      <UniqueIdentifier>{67DA6AB6-F800-4c08-8B7A-83BB121AAD01}</UniqueIdentifier>
      <Extensions>rc;ico;cur;bmp;dlg;rc2;rct;bin;rgs;gif;jpg;jpeg;jpe;resx;tiff;tif;png;wav;mfcribbon-ms</Extensions>
    </Filter>
    <Filter Include="Файлы заголовков\scb">
      <UniqueIdentifier>{3d8b225c-a3ab-4f6e-9bc2-2e45ad484c72}</UniqueIdentifier>
    </Filter>
    <Filter Include="Исходные файлы\scb">
      <UniqueIdentifier>{525f7223-f098-49d9-8b12-7c23a336f6af}</UniqueIdentifier>
    </Filter>
    <Filter Include="Файлы заголовков\visual">
      <UniqueIdentifier>{03f66c12-f5b3-44a8-812b-e0d4528e322f}</UniqueIdentifier>
    </Filter>
    <Filter Include="Исходные файлы\visual">
      <UniqueIdentifier>{65be8cc7-46a7-4440-9328-e5ec5a0b7b14}</UniqueIdentifier>
    </Filter>
    <Filter Include="Файлы заголовков\graphics">
      <UniqueIdentifier>{e38e201b-eb73-49ec-9666-d004e2bbebc6}</UniqueIdentifier>
    </Filter>
    <Filter Include="Исходные файлы\graphics">
      <UniqueIdentifier>{93553fe8-3954-4066-b4c6-985e113a32b8}</UniqueIdentifier>
    </Filter>
    <Filter Include="Исходные файлы\track">
      <UniqueIdentifier>{15a53387-9374-4b8c-bf06-c6dc6ada149b}</UniqueIdentifier>
    </Filter>
    <Filter Include="Файлы заголовков\track">
      <UniqueIdentifier>{b19459d4-c3b2-4c06-be19-47c6e10848a6}</UniqueIdentifier>
    </Filter>
  </ItemGroup>
  <ItemGroup>
    <ClInclude Include="stdafx.h">
      <Filter>Файлы заголовков</Filter>
    </ClInclude>
    <ClInclude Include="targetver.h">
      <Filter>Файлы заголовков</Filter>
    </ClInclude>
    <ClInclude Include="resource.h">
      <Filter>Файлы заголовков</Filter>
    </ClInclude>
    <ClInclude Include="scbSimulator.h">
      <Filter>Файлы заголовков</Filter>
    </ClInclude>
    <ClInclude Include="scb\scbRelay.h">
      <Filter>Файлы заголовков\scb</Filter>
    </ClInclude>
    <ClInclude Include="scb\scbTimer.h">
      <Filter>Файлы заголовков\scb</Filter>
    </ClInclude>
    <ClInclude Include="scb\scbNeutralRelay.h">
      <Filter>Файлы заголовков\scb</Filter>
    </ClInclude>
    <ClInclude Include="scb\scbPolarRelay.h">
      <Filter>Файлы заголовков\scb</Filter>
    </ClInclude>
    <ClInclude Include="scb\scbPultTablo.h">
      <Filter>Файлы заголовков\scb</Filter>
    </ClInclude>
    <ClInclude Include="scb\scbLightSignal.h">
      <Filter>Файлы заголовков\scb</Filter>
    </ClInclude>
    <ClInclude Include="scb\scbPultTabloAbstractButton.h">
      <Filter>Файлы заголовков\scb</Filter>
    </ClInclude>
    <ClInclude Include="scb\scbPultTabloButtonKmd.h">
      <Filter>Файлы заголовков\scb</Filter>
    </ClInclude>
    <ClInclude Include="scb\scbPultTabloButtonKmdf.h">
      <Filter>Файлы заголовков\scb</Filter>
    </ClInclude>
    <ClInclude Include="scb\scbPultTabloAbstractCommutator.h">
      <Filter>Файлы заголовков\scb</Filter>
    </ClInclude>
    <ClInclude Include="scb\scbPultTabloCommutatorKmt.h">
      <Filter>Файлы заголовков\scb</Filter>
    </ClInclude>
    <ClInclude Include="scb\scbPultTabloButtonSchm1m.h">
      <Filter>Файлы заголовков\scb</Filter>
    </ClInclude>
    <ClInclude Include="scb\scbLightSignalLamp.h">
      <Filter>Файлы заголовков\scb</Filter>
    </ClInclude>
    <ClInclude Include="scb\scbPultTabloBell.h">
      <Filter>Файлы заголовков\scb</Filter>
    </ClInclude>
    <ClInclude Include="scb\scbPultTabloLampGroup.h">
      <Filter>Файлы заголовков\scb</Filter>
    </ClInclude>
    <ClInclude Include="scb\scbPultTabloAmpermeter.h">
      <Filter>Файлы заголовков\scb</Filter>
    </ClInclude>
    <ClInclude Include="scb\scbPultTabloCommutatorKmd.h">
      <Filter>Файлы заголовков\scb</Filter>
    </ClInclude>
    <ClInclude Include="genApplication.h">
      <Filter>Файлы заголовков</Filter>
    </ClInclude>
    <ClInclude Include="visual\visualLightSignal.h">
      <Filter>Файлы заголовков\visual</Filter>
    </ClInclude>
    <ClInclude Include="visual\visualAbstract.h">
      <Filter>Файлы заголовков\visual</Filter>
    </ClInclude>
    <ClInclude Include="graphics\graphPixelShader.h">
      <Filter>Файлы заголовков\graphics</Filter>
    </ClInclude>
    <ClInclude Include="graphics\graphVertexShader.h">
      <Filter>Файлы заголовков\graphics</Filter>
    </ClInclude>
    <ClInclude Include="graphics\graphServer.h">
      <Filter>Файлы заголовков\graphics</Filter>
    </ClInclude>
    <ClInclude Include="graphics\graphVertexBuffer.h">
      <Filter>Файлы заголовков\graphics</Filter>
    </ClInclude>
    <ClInclude Include="graphics\graphIndexBuffer.h">
      <Filter>Файлы заголовков\graphics</Filter>
    </ClInclude>
    <ClInclude Include="graphics\graphCamera.h">
      <Filter>Файлы заголовков\graphics</Filter>
    </ClInclude>
    <ClInclude Include="graphics\graphVertexDeclaration.h">
      <Filter>Файлы заголовков\graphics</Filter>
    </ClInclude>
    <ClInclude Include="visual\visualPultTabloButton.h">
      <Filter>Файлы заголовков\visual</Filter>
    </ClInclude>
    <ClInclude Include="scb\scbTimerRecord.h">
      <Filter>Файлы заголовков\scb</Filter>
    </ClInclude>
    <ClInclude Include="scb\scbPultTabloActiveDevice.h">
      <Filter>Файлы заголовков\scb</Filter>
    </ClInclude>
    <ClInclude Include="visual\visualPultTabloCommutator.h">
      <Filter>Файлы заголовков\visual</Filter>
    </ClInclude>
    <ClInclude Include="graphics\graphShader.h">
      <Filter>Файлы заголовков\graphics</Filter>
    </ClInclude>
    <ClInclude Include="visual\visualPultTablo.h">
      <Filter>Файлы заголовков\visual</Filter>
    </ClInclude>
    <ClInclude Include="scb\scbMotorDrive.h">
      <Filter>Файлы заголовков\scb</Filter>
    </ClInclude>
    <ClInclude Include="scb\scbMotorDriveDevice.h">
      <Filter>Файлы заголовков\scb</Filter>
    </ClInclude>
    <ClInclude Include="visual\visualMotorDrive.h">
      <Filter>Файлы заголовков\visual</Filter>
    </ClInclude>
    <ClInclude Include="track\trackSwitch.h">
      <Filter>Файлы заголовков\track</Filter>
    </ClInclude>
    <ClInclude Include="scb\scbBus.h">
      <Filter>Файлы заголовков\scb</Filter>
    </ClInclude>
    <ClInclude Include="scb\scbChain.h">
      <Filter>Файлы заголовков\scb</Filter>
    </ClInclude>
    <ClInclude Include="scb\scbConnectionPoint.h">
      <Filter>Файлы заголовков\scb</Filter>
    </ClInclude>
    <ClInclude Include="scb\scbAbstractScheme.h">
      <Filter>Файлы заголовков\scb</Filter>
    </ClInclude>
    <ClInclude Include="scb\scbAbstractSchemeDevice.h">
      <Filter>Файлы заголовков\scb</Filter>
    </ClInclude>
    <ClInclude Include="scb\scbSchemeOutput.h">
      <Filter>Файлы заголовков\scb</Filter>
    </ClInclude>
    <ClInclude Include="scb\scbConnectionPointScheme.h">
      <Filter>Файлы заголовков\scb</Filter>
    </ClInclude>
    <ClInclude Include="scb\scbScheme.h">
      <Filter>Файлы заголовков\scb</Filter>
    </ClInclude>
    <ClInclude Include="scb\scbSchemeGPR.h">
      <Filter>Файлы заголовков\scb</Filter>
    </ClInclude>
    <ClInclude Include="scb\scbSchemeAVX64.h">
      <Filter>Файлы заголовков\scb</Filter>
    </ClInclude>
    <ClInclude Include="scb\scbSchemeAVX128.h">
      <Filter>Файлы заголовков\scb</Filter>
    </ClInclude>
    <ClInclude Include="scb\scbSchemeAVX256.h">
      <Filter>Файлы заголовков\scb</Filter>
    </ClInclude>
    <ClInclude Include="scb\scbSchemeSSE16.h">
      <Filter>Файлы заголовков\scb</Filter>
    </ClInclude>
    <ClInclude Include="scb\scbSchemeSSE32.h">
      <Filter>Файлы заголовков\scb</Filter>
    </ClInclude>
    <ClInclude Include="scb\scbSchemeSSE64.h">
      <Filter>Файлы заголовков\scb</Filter>
    </ClInclude>
    <ClInclude Include="scb\scbSchemeSSE128.h">
      <Filter>Файлы заголовков\scb</Filter>
    </ClInclude>
    <ClInclude Include="scb\scbSchemeSSE256.h">
      <Filter>Файлы заголовков\scb</Filter>
    </ClInclude>
  </ItemGroup>
  <ItemGroup>
    <ClCompile Include="stdafx.cpp">
      <Filter>Исходные файлы</Filter>
    </ClCompile>
    <ClCompile Include="scbSimulator.cpp">
      <Filter>Исходные файлы</Filter>
    </ClCompile>
    <ClCompile Include="scb\scbRelay.cpp">
      <Filter>Исходные файлы\scb</Filter>
    </ClCompile>
    <ClCompile Include="scb\scbTimer.cpp">
      <Filter>Исходные файлы\scb</Filter>
    </ClCompile>
    <ClCompile Include="scb\scbNeutralRelay.cpp">
      <Filter>Исходные файлы\scb</Filter>
    </ClCompile>
    <ClCompile Include="scb\scbPolarRelay.cpp">
      <Filter>Исходные файлы\scb</Filter>
    </ClCompile>
    <ClCompile Include="scb\scbLightSignal.cpp">
      <Filter>Исходные файлы\scb</Filter>
    </ClCompile>
    <ClCompile Include="scb\scbPultTablo.cpp">
      <Filter>Исходные файлы\scb</Filter>
    </ClCompile>
    <ClCompile Include="scb\scbPultTabloAbstractButton.cpp">
      <Filter>Исходные файлы\scb</Filter>
    </ClCompile>
    <ClCompile Include="scb\scbPultTabloButtonKmd.cpp">
      <Filter>Исходные файлы\scb</Filter>
    </ClCompile>
    <ClCompile Include="scb\scbPultTabloButtonKmdf.cpp">
      <Filter>Исходные файлы\scb</Filter>
    </ClCompile>
    <ClCompile Include="scb\scbPultTabloButtonSchm1m.cpp">
      <Filter>Исходные файлы\scb</Filter>
    </ClCompile>
    <ClCompile Include="scb\scbLightSignalLamp.cpp">
      <Filter>Исходные файлы\scb</Filter>
    </ClCompile>
    <ClCompile Include="scb\scbPultTabloBell.cpp">
      <Filter>Исходные файлы\scb</Filter>
    </ClCompile>
    <ClCompile Include="scb\scbPultTabloAmpermeter.cpp">
      <Filter>Исходные файлы\scb</Filter>
    </ClCompile>
    <ClCompile Include="scb\scbPultTabloLampGroup.cpp">
      <Filter>Исходные файлы\scb</Filter>
    </ClCompile>
    <ClCompile Include="genApplication.cpp">
      <Filter>Исходные файлы</Filter>
    </ClCompile>
    <ClCompile Include="visual\visualLightSignal.cpp">
      <Filter>Исходные файлы\visual</Filter>
    </ClCompile>
    <ClCompile Include="visual\visualAbstract.cpp">
      <Filter>Исходные файлы\visual</Filter>
    </ClCompile>
    <ClCompile Include="graphics\graphPixelShader.cpp">
      <Filter>Исходные файлы\graphics</Filter>
    </ClCompile>
    <ClCompile Include="graphics\graphVertexShader.cpp">
      <Filter>Исходные файлы\graphics</Filter>
    </ClCompile>
    <ClCompile Include="graphics\graphServer.cpp">
      <Filter>Исходные файлы\graphics</Filter>
    </ClCompile>
    <ClCompile Include="graphics\graphVertexBuffer.cpp">
      <Filter>Исходные файлы\graphics</Filter>
    </ClCompile>
    <ClCompile Include="graphics\graphIndexBuffer.cpp">
      <Filter>Исходные файлы\graphics</Filter>
    </ClCompile>
    <ClCompile Include="graphics\graphCamera.cpp">
      <Filter>Исходные файлы\graphics</Filter>
    </ClCompile>
    <ClCompile Include="graphics\graphVertexDeclaration.cpp">
      <Filter>Исходные файлы\graphics</Filter>
    </ClCompile>
    <ClCompile Include="visual\visualPultTabloButton.cpp">
      <Filter>Исходные файлы\visual</Filter>
    </ClCompile>
    <ClCompile Include="scb\scbPultTabloActiveDevice.cpp">
      <Filter>Исходные файлы\scb</Filter>
    </ClCompile>
    <ClCompile Include="scb\scbPultTabloAbstractCommutator.cpp">
      <Filter>Исходные файлы\scb</Filter>
    </ClCompile>
    <ClCompile Include="scb\scbPultTabloCommutatorKmd.cpp">
      <Filter>Исходные файлы\scb</Filter>
    </ClCompile>
    <ClCompile Include="scb\scbPultTabloCommutatorKmt.cpp">
      <Filter>Исходные файлы\scb</Filter>
    </ClCompile>
    <ClCompile Include="visual\visualPultTabloCommutator.cpp">
      <Filter>Исходные файлы\visual</Filter>
    </ClCompile>
    <ClCompile Include="graphics\graphShader.cpp">
      <Filter>Исходные файлы\graphics</Filter>
    </ClCompile>
    <ClCompile Include="visual\visualPultTablo.cpp">
      <Filter>Исходные файлы\visual</Filter>
    </ClCompile>
    <ClCompile Include="scb\scbMotorDrive.cpp">
      <Filter>Исходные файлы\scb</Filter>
    </ClCompile>
    <ClCompile Include="scb\scbMotorDriveDevice.cpp">
      <Filter>Исходные файлы\scb</Filter>
    </ClCompile>
    <ClCompile Include="visual\visualMotorDrive.cpp">
      <Filter>Исходные файлы\visual</Filter>
    </ClCompile>
    <ClCompile Include="track\trackSwitch.cpp">
      <Filter>Исходные файлы\track</Filter>
    </ClCompile>
    <ClCompile Include="scb\scbBus.cpp">
      <Filter>Исходные файлы\scb</Filter>
    </ClCompile>
    <ClCompile Include="scb\scbChain.cpp">
      <Filter>Исходные файлы\scb</Filter>
    </ClCompile>
    <ClCompile Include="scb\scbConnectionPoint.cpp">
      <Filter>Исходные файлы\scb</Filter>
    </ClCompile>
    <ClCompile Include="scb\scbAbstractScheme.cpp">
      <Filter>Исходные файлы\scb</Filter>
    </ClCompile>
    <ClCompile Include="scb\scbAbstractSchemeDevice.cpp">
      <Filter>Исходные файлы\scb</Filter>
    </ClCompile>
    <ClCompile Include="scb\scbSchemeOutput.cpp">
      <Filter>Исходные файлы\scb</Filter>
    </ClCompile>
    <ClCompile Include="scb\scbConnectionPointScheme.cpp">
      <Filter>Исходные файлы\scb</Filter>
    </ClCompile>
    <ClCompile Include="scb\scbScheme.cpp">
      <Filter>Исходные файлы\scb</Filter>
    </ClCompile>
    <ClCompile Include="scb\scbSchemeGPR.cpp">
      <Filter>Исходные файлы\scb</Filter>
    </ClCompile>
    <ClCompile Include="scb\scbSchemeAVX64.cpp">
      <Filter>Исходные файлы\scb</Filter>
    </ClCompile>
    <ClCompile Include="scb\scbSchemeAVX128.cpp">
      <Filter>Исходные файлы\scb</Filter>
    </ClCompile>
    <ClCompile Include="scb\scbSchemeAVX256.cpp">
      <Filter>Исходные файлы\scb</Filter>
    </ClCompile>
    <ClCompile Include="scb\scbSchemeSSE16.cpp">
      <Filter>Исходные файлы\scb</Filter>
    </ClCompile>
    <ClCompile Include="scb\scbSchemeSSE32.cpp">
      <Filter>Исходные файлы\scb</Filter>
    </ClCompile>
    <ClCompile Include="scb\scbSchemeSSE64.cpp">
      <Filter>Исходные файлы\scb</Filter>
    </ClCompile>
    <ClCompile Include="scb\scbSchemeSSE128.cpp">
      <Filter>Исходные файлы\scb</Filter>
    </ClCompile>
    <ClCompile Include="scb\scbSchemeSSE256.cpp">
      <Filter>Исходные файлы\scb</Filter>
    </ClCompile>
  </ItemGroup>
  <ItemGroup>
    <ResourceCompile Include="scbSimulator.rc">
      <Filter>Файлы ресурсов</Filter>
    </ResourceCompile>
  </ItemGroup>
  <ItemGroup>
    <Image Include="small.ico">
      <Filter>Файлы ресурсов</Filter>
    </Image>
    <Image Include="scbSimulator.ico">
      <Filter>Файлы ресурсов</Filter>
    </Image>
  </ItemGroup>
  <ItemGroup>
    <FxCompile Include="Shaders.hlsl">
      <Filter>Файлы ресурсов</Filter>
    </FxCompile>
  </ItemGroup>
</Project>